// !$*UTF8*$!
{
	archiveVersion = 1;
	classes = {
	};
	objectVersion = 46;
	objects = {

/* Begin PBXBuildFile section */
		3669873CBD8907426561AE6C /* ChallengeTableCell.m in Sources */ = {isa = PBXBuildFile; fileRef = 36698CCBC5997693B1333012 /* ChallengeTableCell.m */; };
		36698811D3067DFD65B64B15 /* AppDelegate.m in Sources */ = {isa = PBXBuildFile; fileRef = 36698E71E4B55CD5A340048F /* AppDelegate.m */; };
		366988EB8EEC300EDD1A4586 /* ChallengeAPI.m in Sources */ = {isa = PBXBuildFile; fileRef = 366982559C131F514BFA0431 /* ChallengeAPI.m */; };
		36698CDDB4875924E4E73F0F /* Challenge.m in Sources */ = {isa = PBXBuildFile; fileRef = 36698560C47BB86BE5F56F93 /* Challenge.m */; };
		A03460E116F50E2B0021D488 /* detailWebView.html in Resources */ = {isa = PBXBuildFile; fileRef = A03460E016F50E2B0021D488 /* detailWebView.html */; };
		A03460E316F50E310021D488 /* styles.css in Resources */ = {isa = PBXBuildFile; fileRef = A03460E216F50E310021D488 /* styles.css */; };
		A03460E616F519C70021D488 /* greyButton.png in Resources */ = {isa = PBXBuildFile; fileRef = A03460E416F519C70021D488 /* greyButton.png */; };
		A03460E716F519C70021D488 /* greyButton@2x.png in Resources */ = {isa = PBXBuildFile; fileRef = A03460E516F519C70021D488 /* greyButton@2x.png */; };
		A03460F516F651DF0021D488 /* Icon.png in Resources */ = {isa = PBXBuildFile; fileRef = A03460F416F651DF0021D488 /* Icon.png */; };
		A04EADF916F6C405000E6916 /* Icon@2x.png in Resources */ = {isa = PBXBuildFile; fileRef = A04EADF816F6C405000E6916 /* Icon@2x.png */; };
		A063064C16F029ED0035F037 /* info@2x.png in Resources */ = {isa = PBXBuildFile; fileRef = A063064B16F029ED0035F037 /* info@2x.png */; };
		A063064E16F02A020035F037 /* info.png in Resources */ = {isa = PBXBuildFile; fileRef = A063064D16F02A020035F037 /* info.png */; };
		A063065416F02B070035F037 /* InfoViewController.m in Sources */ = {isa = PBXBuildFile; fileRef = A063065316F02B070035F037 /* InfoViewController.m */; };
		A0C23D9716F4FE4500DA3A95 /* infoView.html in Resources */ = {isa = PBXBuildFile; fileRef = A0C23D9616F4FE4500DA3A95 /* infoView.html */; };
		A0CBAE4B16F26B4D002F4E2A /* Border.png in Resources */ = {isa = PBXBuildFile; fileRef = A0CBAE4A16F26B4D002F4E2A /* Border.png */; };
		A0CBAE5116F29209002F4E2A /* favorites_add_48.png in Resources */ = {isa = PBXBuildFile; fileRef = A0CBAE5016F29209002F4E2A /* favorites_add_48.png */; };
		A0CBAE5316F3C59D002F4E2A /* ribbon.jpg in Resources */ = {isa = PBXBuildFile; fileRef = A0CBAE5216F3C59D002F4E2A /* ribbon.jpg */; };
		A0CBAE5816F3CE2D002F4E2A /* blueButton.png in Resources */ = {isa = PBXBuildFile; fileRef = A0CBAE5416F3CE2D002F4E2A /* blueButton.png */; };
		A0CBAE5916F3CE2D002F4E2A /* blueButton@2x.png in Resources */ = {isa = PBXBuildFile; fileRef = A0CBAE5516F3CE2D002F4E2A /* blueButton@2x.png */; };
		EA41B34816ED386F00CD6520 /* UIKit.framework in Frameworks */ = {isa = PBXBuildFile; fileRef = EA41B34716ED386F00CD6520 /* UIKit.framework */; };
		EA41B34A16ED386F00CD6520 /* Foundation.framework in Frameworks */ = {isa = PBXBuildFile; fileRef = EA41B34916ED386F00CD6520 /* Foundation.framework */; };
		EA41B34C16ED386F00CD6520 /* CoreGraphics.framework in Frameworks */ = {isa = PBXBuildFile; fileRef = EA41B34B16ED386F00CD6520 /* CoreGraphics.framework */; };
		EA41B35216ED386F00CD6520 /* InfoPlist.strings in Resources */ = {isa = PBXBuildFile; fileRef = EA41B35016ED386F00CD6520 /* InfoPlist.strings */; };
		EA41B35416ED386F00CD6520 /* main.m in Sources */ = {isa = PBXBuildFile; fileRef = EA41B35316ED386F00CD6520 /* main.m */; };
		EA41B35A16ED386F00CD6520 /* Default.png in Resources */ = {isa = PBXBuildFile; fileRef = EA41B35916ED386F00CD6520 /* Default.png */; };
		EA41B35C16ED386F00CD6520 /* Default@2x.png in Resources */ = {isa = PBXBuildFile; fileRef = EA41B35B16ED386F00CD6520 /* Default@2x.png */; };
		EA41B35E16ED386F00CD6520 /* Default-568h@2x.png in Resources */ = {isa = PBXBuildFile; fileRef = EA41B35D16ED386F00CD6520 /* Default-568h@2x.png */; };
		EA41B36116ED386F00CD6520 /* MainStoryboard.storyboard in Resources */ = {isa = PBXBuildFile; fileRef = EA41B35F16ED386F00CD6520 /* MainStoryboard.storyboard */; };
		EA41B36416ED386F00CD6520 /* MasterViewController.m in Sources */ = {isa = PBXBuildFile; fileRef = EA41B36316ED386F00CD6520 /* MasterViewController.m */; };
		EA41B36716ED386F00CD6520 /* DetailViewController.m in Sources */ = {isa = PBXBuildFile; fileRef = EA41B36616ED386F00CD6520 /* DetailViewController.m */; };
		EA649B2C16F2BA9400886897 /* BookmarksViewController.m in Sources */ = {isa = PBXBuildFile; fileRef = EA649B2B16F2BA9400886897 /* BookmarksViewController.m */; };
		EAEFE8A016F310000092A52C /* ChallengeTableCell.xib in Resources */ = {isa = PBXBuildFile; fileRef = EAEFE89F16F310000092A52C /* ChallengeTableCell.xib */; };
/* End PBXBuildFile section */

/* Begin PBXFileReference section */
		366982559C131F514BFA0431 /* ChallengeAPI.m */ = {isa = PBXFileReference; fileEncoding = 4; lastKnownFileType = sourcecode.c.objc; path = ChallengeAPI.m; sourceTree = "<group>"; };
		366983FF6FA09D394510E721 /* ChallengeTableCell.h */ = {isa = PBXFileReference; fileEncoding = 4; lastKnownFileType = sourcecode.c.h; path = ChallengeTableCell.h; sourceTree = "<group>"; };
		36698560C47BB86BE5F56F93 /* Challenge.m */ = {isa = PBXFileReference; fileEncoding = 4; lastKnownFileType = sourcecode.c.objc; path = Challenge.m; sourceTree = "<group>"; };
		366985F11D694D5D2ACCB9B4 /* AppDelegate.h */ = {isa = PBXFileReference; fileEncoding = 4; lastKnownFileType = sourcecode.c.h; path = AppDelegate.h; sourceTree = "<group>"; };
		366986FC15EA519598C9E138 /* ChallengeAPI.h */ = {isa = PBXFileReference; fileEncoding = 4; lastKnownFileType = sourcecode.c.h; path = ChallengeAPI.h; sourceTree = "<group>"; };
		36698CCBC5997693B1333012 /* ChallengeTableCell.m */ = {isa = PBXFileReference; fileEncoding = 4; lastKnownFileType = sourcecode.c.objc; path = ChallengeTableCell.m; sourceTree = "<group>"; };
		36698E71E4B55CD5A340048F /* AppDelegate.m */ = {isa = PBXFileReference; fileEncoding = 4; lastKnownFileType = sourcecode.c.objc; path = AppDelegate.m; sourceTree = "<group>"; };
		36698EC05425AE23D9A79233 /* Challenge.h */ = {isa = PBXFileReference; fileEncoding = 4; lastKnownFileType = sourcecode.c.h; path = Challenge.h; sourceTree = "<group>"; };
		A03460E016F50E2B0021D488 /* detailWebView.html */ = {isa = PBXFileReference; fileEncoding = 4; lastKnownFileType = text.html; path = detailWebView.html; sourceTree = "<group>"; };
		A03460E216F50E310021D488 /* styles.css */ = {isa = PBXFileReference; fileEncoding = 4; lastKnownFileType = text.css; path = styles.css; sourceTree = "<group>"; };
		A03460E416F519C70021D488 /* greyButton.png */ = {isa = PBXFileReference; lastKnownFileType = image.png; path = greyButton.png; sourceTree = "<group>"; };
		A03460E516F519C70021D488 /* greyButton@2x.png */ = {isa = PBXFileReference; lastKnownFileType = image.png; path = "greyButton@2x.png"; sourceTree = "<group>"; };
		A03460F416F651DF0021D488 /* Icon.png */ = {isa = PBXFileReference; lastKnownFileType = image.png; path = Icon.png; sourceTree = "<group>"; };
		A04EADF816F6C405000E6916 /* Icon@2x.png */ = {isa = PBXFileReference; lastKnownFileType = image.png; path = "Icon@2x.png"; sourceTree = "<group>"; };
		A063064B16F029ED0035F037 /* info@2x.png */ = {isa = PBXFileReference; lastKnownFileType = image.png; path = "info@2x.png"; sourceTree = "<group>"; };
		A063064D16F02A020035F037 /* info.png */ = {isa = PBXFileReference; lastKnownFileType = image.png; path = info.png; sourceTree = "<group>"; };
		A063065216F02B070035F037 /* InfoViewController.h */ = {isa = PBXFileReference; fileEncoding = 4; lastKnownFileType = sourcecode.c.h; path = InfoViewController.h; sourceTree = "<group>"; };
		A063065316F02B070035F037 /* InfoViewController.m */ = {isa = PBXFileReference; fileEncoding = 4; lastKnownFileType = sourcecode.c.objc; path = InfoViewController.m; sourceTree = "<group>"; };
		A0C23D9616F4FE4500DA3A95 /* infoView.html */ = {isa = PBXFileReference; fileEncoding = 4; lastKnownFileType = text.html; path = infoView.html; sourceTree = "<group>"; };
		A0CBAE4A16F26B4D002F4E2A /* Border.png */ = {isa = PBXFileReference; lastKnownFileType = image.png; path = Border.png; sourceTree = "<group>"; };
		A0CBAE5016F29209002F4E2A /* favorites_add_48.png */ = {isa = PBXFileReference; lastKnownFileType = image.png; path = favorites_add_48.png; sourceTree = "<group>"; };
		A0CBAE5216F3C59D002F4E2A /* ribbon.jpg */ = {isa = PBXFileReference; lastKnownFileType = image.jpeg; path = ribbon.jpg; sourceTree = "<group>"; };
		A0CBAE5416F3CE2D002F4E2A /* blueButton.png */ = {isa = PBXFileReference; lastKnownFileType = image.png; path = blueButton.png; sourceTree = "<group>"; };
		A0CBAE5516F3CE2D002F4E2A /* blueButton@2x.png */ = {isa = PBXFileReference; lastKnownFileType = image.png; path = "blueButton@2x.png"; sourceTree = "<group>"; };
		EA41B34416ED386F00CD6520 /* Challenge.gov.app */ = {isa = PBXFileReference; explicitFileType = wrapper.application; includeInIndex = 0; path = Challenge.gov.app; sourceTree = BUILT_PRODUCTS_DIR; };
		EA41B34716ED386F00CD6520 /* UIKit.framework */ = {isa = PBXFileReference; lastKnownFileType = wrapper.framework; name = UIKit.framework; path = System/Library/Frameworks/UIKit.framework; sourceTree = SDKROOT; };
		EA41B34916ED386F00CD6520 /* Foundation.framework */ = {isa = PBXFileReference; lastKnownFileType = wrapper.framework; name = Foundation.framework; path = System/Library/Frameworks/Foundation.framework; sourceTree = SDKROOT; };
		EA41B34B16ED386F00CD6520 /* CoreGraphics.framework */ = {isa = PBXFileReference; lastKnownFileType = wrapper.framework; name = CoreGraphics.framework; path = System/Library/Frameworks/CoreGraphics.framework; sourceTree = SDKROOT; };
		EA41B34F16ED386F00CD6520 /* ChallengeApp-Info.plist */ = {isa = PBXFileReference; lastKnownFileType = text.plist.xml; path = "ChallengeApp-Info.plist"; sourceTree = "<group>"; };
		EA41B35116ED386F00CD6520 /* en */ = {isa = PBXFileReference; lastKnownFileType = text.plist.strings; name = en; path = en.lproj/InfoPlist.strings; sourceTree = "<group>"; };
		EA41B35316ED386F00CD6520 /* main.m */ = {isa = PBXFileReference; lastKnownFileType = sourcecode.c.objc; path = main.m; sourceTree = "<group>"; };
		EA41B35516ED386F00CD6520 /* ChallengeApp-Prefix.pch */ = {isa = PBXFileReference; lastKnownFileType = sourcecode.c.h; path = "ChallengeApp-Prefix.pch"; sourceTree = "<group>"; };
		EA41B35916ED386F00CD6520 /* Default.png */ = {isa = PBXFileReference; lastKnownFileType = image.png; path = Default.png; sourceTree = "<group>"; };
		EA41B35B16ED386F00CD6520 /* Default@2x.png */ = {isa = PBXFileReference; lastKnownFileType = image.png; path = "Default@2x.png"; sourceTree = "<group>"; };
		EA41B35D16ED386F00CD6520 /* Default-568h@2x.png */ = {isa = PBXFileReference; lastKnownFileType = image.png; path = "Default-568h@2x.png"; sourceTree = "<group>"; };
		EA41B36016ED386F00CD6520 /* en */ = {isa = PBXFileReference; lastKnownFileType = file.storyboard; name = en; path = en.lproj/MainStoryboard.storyboard; sourceTree = "<group>"; };
		EA41B36216ED386F00CD6520 /* MasterViewController.h */ = {isa = PBXFileReference; lastKnownFileType = sourcecode.c.h; path = MasterViewController.h; sourceTree = "<group>"; };
		EA41B36316ED386F00CD6520 /* MasterViewController.m */ = {isa = PBXFileReference; lastKnownFileType = sourcecode.c.objc; path = MasterViewController.m; sourceTree = "<group>"; };
		EA41B36516ED386F00CD6520 /* DetailViewController.h */ = {isa = PBXFileReference; lastKnownFileType = sourcecode.c.h; path = DetailViewController.h; sourceTree = "<group>"; };
		EA41B36616ED386F00CD6520 /* DetailViewController.m */ = {isa = PBXFileReference; lastKnownFileType = sourcecode.c.objc; path = DetailViewController.m; sourceTree = "<group>"; };
		EA649B2A16F2BA9400886897 /* BookmarksViewController.h */ = {isa = PBXFileReference; fileEncoding = 4; lastKnownFileType = sourcecode.c.h; path = BookmarksViewController.h; sourceTree = "<group>"; };
		EA649B2B16F2BA9400886897 /* BookmarksViewController.m */ = {isa = PBXFileReference; fileEncoding = 4; lastKnownFileType = sourcecode.c.objc; path = BookmarksViewController.m; sourceTree = "<group>"; };
		EAEFE89F16F310000092A52C /* ChallengeTableCell.xib */ = {isa = PBXFileReference; fileEncoding = 4; lastKnownFileType = file.xib; path = ChallengeTableCell.xib; sourceTree = "<group>"; };
/* End PBXFileReference section */

/* Begin PBXFrameworksBuildPhase section */
		EA41B34116ED386F00CD6520 /* Frameworks */ = {
			isa = PBXFrameworksBuildPhase;
			buildActionMask = 2147483647;
			files = (
				EA41B34816ED386F00CD6520 /* UIKit.framework in Frameworks */,
				EA41B34A16ED386F00CD6520 /* Foundation.framework in Frameworks */,
				EA41B34C16ED386F00CD6520 /* CoreGraphics.framework in Frameworks */,
			);
			runOnlyForDeploymentPostprocessing = 0;
		};
/* End PBXFrameworksBuildPhase section */

/* Begin PBXGroup section */
		3669821CDF46CC97CE705F40 /* App */ = {
			isa = PBXGroup;
			children = (
				366985F11D694D5D2ACCB9B4 /* AppDelegate.h */,
				36698E71E4B55CD5A340048F /* AppDelegate.m */,
			);
			path = App;
			sourceTree = "<group>";
		};
		3669898AE373D148CBF22E15 /* ChallengeAPI */ = {
			isa = PBXGroup;
			children = (
				36698EC05425AE23D9A79233 /* Challenge.h */,
				36698560C47BB86BE5F56F93 /* Challenge.m */,
				366986FC15EA519598C9E138 /* ChallengeAPI.h */,
				366982559C131F514BFA0431 /* ChallengeAPI.m */,
			);
			path = ChallengeAPI;
			sourceTree = "<group>";
		};
		366989BDF97959067583B749 /* UI */ = {
			isa = PBXGroup;
			children = (
				A063065216F02B070035F037 /* InfoViewController.h */,
				A063065316F02B070035F037 /* InfoViewController.m */,
				EA41B35F16ED386F00CD6520 /* MainStoryboard.storyboard */,
				366983FF6FA09D394510E721 /* ChallengeTableCell.h */,
				36698CCBC5997693B1333012 /* ChallengeTableCell.m */,
				EA41B36516ED386F00CD6520 /* DetailViewController.h */,
				EA41B36616ED386F00CD6520 /* DetailViewController.m */,
				EA41B36216ED386F00CD6520 /* MasterViewController.h */,
				EA41B36316ED386F00CD6520 /* MasterViewController.m */,
				EA649B2A16F2BA9400886897 /* BookmarksViewController.h */,
				EA649B2B16F2BA9400886897 /* BookmarksViewController.m */,
				EAEFE89F16F310000092A52C /* ChallengeTableCell.xib */,
			);
			name = UI;
			sourceTree = "<group>";
		};
		EA41B33B16ED386F00CD6520 = {
			isa = PBXGroup;
			children = (
				A04EADF816F6C405000E6916 /* Icon@2x.png */,
				A03460F416F651DF0021D488 /* Icon.png */,
				EA41B34D16ED386F00CD6520 /* ChallengeApp */,
				EA41B34616ED386F00CD6520 /* Frameworks */,
				EA41B34516ED386F00CD6520 /* Products */,
			);
			sourceTree = "<group>";
		};
		EA41B34516ED386F00CD6520 /* Products */ = {
			isa = PBXGroup;
			children = (
				EA41B34416ED386F00CD6520 /* Challenge.gov.app */,
			);
			name = Products;
			sourceTree = "<group>";
		};
		EA41B34616ED386F00CD6520 /* Frameworks */ = {
			isa = PBXGroup;
			children = (
				EA41B34716ED386F00CD6520 /* UIKit.framework */,
				EA41B34916ED386F00CD6520 /* Foundation.framework */,
				EA41B34B16ED386F00CD6520 /* CoreGraphics.framework */,
			);
			name = Frameworks;
			sourceTree = "<group>";
		};
		EA41B34D16ED386F00CD6520 /* ChallengeApp */ = {
			isa = PBXGroup;
			children = (
				EA41B34E16ED386F00CD6520 /* Supporting Files */,
				3669898AE373D148CBF22E15 /* ChallengeAPI */,
				366989BDF97959067583B749 /* UI */,
				3669821CDF46CC97CE705F40 /* App */,
			);
			path = ChallengeApp;
			sourceTree = "<group>";
		};
		EA41B34E16ED386F00CD6520 /* Supporting Files */ = {
			isa = PBXGroup;
			children = (
				EA41B34F16ED386F00CD6520 /* ChallengeApp-Info.plist */,
				EA41B35016ED386F00CD6520 /* InfoPlist.strings */,
				EA41B35316ED386F00CD6520 /* main.m */,
				EA41B35516ED386F00CD6520 /* ChallengeApp-Prefix.pch */,
				EA41B35916ED386F00CD6520 /* Default.png */,
				EA41B35B16ED386F00CD6520 /* Default@2x.png */,
				EA41B35D16ED386F00CD6520 /* Default-568h@2x.png */,
				A063064B16F029ED0035F037 /* info@2x.png */,
				A063064D16F02A020035F037 /* info.png */,
				A0CBAE4A16F26B4D002F4E2A /* Border.png */,
				A0CBAE5216F3C59D002F4E2A /* ribbon.jpg */,
				A0CBAE5016F29209002F4E2A /* favorites_add_48.png */,
				A0CBAE5416F3CE2D002F4E2A /* blueButton.png */,
				A0CBAE5516F3CE2D002F4E2A /* blueButton@2x.png */,
				A03460E016F50E2B0021D488 /* detailWebView.html */,
				A0C23D9616F4FE4500DA3A95 /* infoView.html */,
				A03460E216F50E310021D488 /* styles.css */,
				A03460E416F519C70021D488 /* greyButton.png */,
				A03460E516F519C70021D488 /* greyButton@2x.png */,
			);
			name = "Supporting Files";
			sourceTree = "<group>";
		};
/* End PBXGroup section */

/* Begin PBXNativeTarget section */
		EA41B34316ED386F00CD6520 /* ChallengeApp */ = {
			isa = PBXNativeTarget;
			buildConfigurationList = EA41B36A16ED386F00CD6520 /* Build configuration list for PBXNativeTarget "ChallengeApp" */;
			buildPhases = (
				EA41B34016ED386F00CD6520 /* Sources */,
				EA41B34116ED386F00CD6520 /* Frameworks */,
				EA41B34216ED386F00CD6520 /* Resources */,
			);
			buildRules = (
			);
			dependencies = (
			);
			name = ChallengeApp;
			productName = ChallengeApp;
			productReference = EA41B34416ED386F00CD6520 /* Challenge.gov.app */;
			productType = "com.apple.product-type.application";
		};
/* End PBXNativeTarget section */

/* Begin PBXProject section */
		EA41B33C16ED386F00CD6520 /* Project object */ = {
			isa = PBXProject;
			attributes = {
				LastUpgradeCheck = 0460;
				ORGANIZATIONNAME = Subfuzion;
			};
			buildConfigurationList = EA41B33F16ED386F00CD6520 /* Build configuration list for PBXProject "ChallengeApp" */;
			compatibilityVersion = "Xcode 3.2";
			developmentRegion = English;
			hasScannedForEncodings = 0;
			knownRegions = (
				en,
			);
			mainGroup = EA41B33B16ED386F00CD6520;
			productRefGroup = EA41B34516ED386F00CD6520 /* Products */;
			projectDirPath = "";
			projectRoot = "";
			targets = (
				EA41B34316ED386F00CD6520 /* ChallengeApp */,
			);
		};
/* End PBXProject section */

/* Begin PBXResourcesBuildPhase section */
		EA41B34216ED386F00CD6520 /* Resources */ = {
			isa = PBXResourcesBuildPhase;
			buildActionMask = 2147483647;
			files = (
				EA41B35216ED386F00CD6520 /* InfoPlist.strings in Resources */,
				EA41B35A16ED386F00CD6520 /* Default.png in Resources */,
				EA41B35C16ED386F00CD6520 /* Default@2x.png in Resources */,
				EA41B35E16ED386F00CD6520 /* Default-568h@2x.png in Resources */,
				EA41B36116ED386F00CD6520 /* MainStoryboard.storyboard in Resources */,
				A063064C16F029ED0035F037 /* info@2x.png in Resources */,
				A063064E16F02A020035F037 /* info.png in Resources */,
				A0CBAE4B16F26B4D002F4E2A /* Border.png in Resources */,
				A0CBAE5116F29209002F4E2A /* favorites_add_48.png in Resources */,
				EAEFE8A016F310000092A52C /* ChallengeTableCell.xib in Resources */,
				A0CBAE5316F3C59D002F4E2A /* ribbon.jpg in Resources */,
				A0CBAE5816F3CE2D002F4E2A /* blueButton.png in Resources */,
				A0CBAE5916F3CE2D002F4E2A /* blueButton@2x.png in Resources */,
				A0C23D9716F4FE4500DA3A95 /* infoView.html in Resources */,
				A03460E116F50E2B0021D488 /* detailWebView.html in Resources */,
				A03460E316F50E310021D488 /* styles.css in Resources */,
				A03460E616F519C70021D488 /* greyButton.png in Resources */,
				A03460E716F519C70021D488 /* greyButton@2x.png in Resources */,
				A03460F516F651DF0021D488 /* Icon.png in Resources */,
				A04EADF916F6C405000E6916 /* Icon@2x.png in Resources */,
			);
			runOnlyForDeploymentPostprocessing = 0;
		};
/* End PBXResourcesBuildPhase section */

/* Begin PBXSourcesBuildPhase section */
		EA41B34016ED386F00CD6520 /* Sources */ = {
			isa = PBXSourcesBuildPhase;
			buildActionMask = 2147483647;
			files = (
				EA41B35416ED386F00CD6520 /* main.m in Sources */,
				EA41B36416ED386F00CD6520 /* MasterViewController.m in Sources */,
				EA41B36716ED386F00CD6520 /* DetailViewController.m in Sources */,
				3669873CBD8907426561AE6C /* ChallengeTableCell.m in Sources */,
				366988EB8EEC300EDD1A4586 /* ChallengeAPI.m in Sources */,
				36698CDDB4875924E4E73F0F /* Challenge.m in Sources */,
				36698811D3067DFD65B64B15 /* AppDelegate.m in Sources */,
				A063065416F02B070035F037 /* InfoViewController.m in Sources */,
				EA649B2C16F2BA9400886897 /* BookmarksViewController.m in Sources */,
			);
			runOnlyForDeploymentPostprocessing = 0;
		};
/* End PBXSourcesBuildPhase section */

/* Begin PBXVariantGroup section */
		EA41B35016ED386F00CD6520 /* InfoPlist.strings */ = {
			isa = PBXVariantGroup;
			children = (
				EA41B35116ED386F00CD6520 /* en */,
			);
			name = InfoPlist.strings;
			sourceTree = "<group>";
		};
		EA41B35F16ED386F00CD6520 /* MainStoryboard.storyboard */ = {
			isa = PBXVariantGroup;
			children = (
				EA41B36016ED386F00CD6520 /* en */,
			);
			name = MainStoryboard.storyboard;
			sourceTree = "<group>";
		};
/* End PBXVariantGroup section */

/* Begin XCBuildConfiguration section */
		EA41B36816ED386F00CD6520 /* Debug */ = {
			isa = XCBuildConfiguration;
			buildSettings = {
				ALWAYS_SEARCH_USER_PATHS = NO;
				CLANG_CXX_LANGUAGE_STANDARD = "gnu++0x";
				CLANG_CXX_LIBRARY = "libc++";
				CLANG_ENABLE_OBJC_ARC = YES;
				CLANG_WARN_CONSTANT_CONVERSION = YES;
				CLANG_WARN_EMPTY_BODY = YES;
				CLANG_WARN_ENUM_CONVERSION = YES;
				CLANG_WARN_INT_CONVERSION = YES;
				CLANG_WARN__DUPLICATE_METHOD_MATCH = YES;
				"CODE_SIGN_IDENTITY[sdk=iphoneos*]" = "iPhone Developer";
				COPY_PHASE_STRIP = NO;
				GCC_C_LANGUAGE_STANDARD = gnu99;
				GCC_DYNAMIC_NO_PIC = NO;
				GCC_OPTIMIZATION_LEVEL = 0;
				GCC_PREPROCESSOR_DEFINITIONS = (
					"DEBUG=1",
					"$(inherited)",
				);
				GCC_SYMBOLS_PRIVATE_EXTERN = NO;
				GCC_WARN_ABOUT_RETURN_TYPE = YES;
				GCC_WARN_UNINITIALIZED_AUTOS = YES;
				GCC_WARN_UNUSED_VARIABLE = YES;
				IPHONEOS_DEPLOYMENT_TARGET = 6.1;
				ONLY_ACTIVE_ARCH = YES;
				SDKROOT = iphoneos;
			};
			name = Debug;
		};
		EA41B36916ED386F00CD6520 /* Release */ = {
			isa = XCBuildConfiguration;
			buildSettings = {
				ALWAYS_SEARCH_USER_PATHS = NO;
				CLANG_CXX_LANGUAGE_STANDARD = "gnu++0x";
				CLANG_CXX_LIBRARY = "libc++";
				CLANG_ENABLE_OBJC_ARC = YES;
				CLANG_WARN_CONSTANT_CONVERSION = YES;
				CLANG_WARN_EMPTY_BODY = YES;
				CLANG_WARN_ENUM_CONVERSION = YES;
				CLANG_WARN_INT_CONVERSION = YES;
				CLANG_WARN__DUPLICATE_METHOD_MATCH = YES;
				"CODE_SIGN_IDENTITY[sdk=iphoneos*]" = "iPhone Developer";
				COPY_PHASE_STRIP = YES;
				GCC_C_LANGUAGE_STANDARD = gnu99;
				GCC_WARN_ABOUT_RETURN_TYPE = YES;
				GCC_WARN_UNINITIALIZED_AUTOS = YES;
				GCC_WARN_UNUSED_VARIABLE = YES;
				IPHONEOS_DEPLOYMENT_TARGET = 6.1;
				OTHER_CFLAGS = "-DNS_BLOCK_ASSERTIONS=1";
				SDKROOT = iphoneos;
				VALIDATE_PRODUCT = YES;
			};
			name = Release;
		};
		EA41B36B16ED386F00CD6520 /* Debug */ = {
			isa = XCBuildConfiguration;
			buildSettings = {
				GCC_PRECOMPILE_PREFIX_HEADER = YES;
				GCC_PREFIX_HEADER = "ChallengeApp/ChallengeApp-Prefix.pch";
				INFOPLIST_FILE = "ChallengeApp/ChallengeApp-Info.plist";
				PRODUCT_NAME = Challenge.gov;
				WRAPPER_EXTENSION = app;
			};
			name = Debug;
		};
		EA41B36C16ED386F00CD6520 /* Release */ = {
			isa = XCBuildConfiguration;
			buildSettings = {
				GCC_PRECOMPILE_PREFIX_HEADER = YES;
				GCC_PREFIX_HEADER = "ChallengeApp/ChallengeApp-Prefix.pch";
				INFOPLIST_FILE = "ChallengeApp/ChallengeApp-Info.plist";
				PRODUCT_NAME = Challenge.gov;
				WRAPPER_EXTENSION = app;
			};
			name = Release;
		};
/* End XCBuildConfiguration section */

/* Begin XCConfigurationList section */
		EA41B33F16ED386F00CD6520 /* Build configuration list for PBXProject "ChallengeApp" */ = {
			isa = XCConfigurationList;
			buildConfigurations = (
				EA41B36816ED386F00CD6520 /* Debug */,
				EA41B36916ED386F00CD6520 /* Release */,
			);
			defaultConfigurationIsVisible = 0;
			defaultConfigurationName = Release;
		};
		EA41B36A16ED386F00CD6520 /* Build configuration list for PBXNativeTarget "ChallengeApp" */ = {
			isa = XCConfigurationList;
			buildConfigurations = (
				EA41B36B16ED386F00CD6520 /* Debug */,
				EA41B36C16ED386F00CD6520 /* Release */,
			);
			defaultConfigurationIsVisible = 0;
			defaultConfigurationName = Release;
		};
/* End XCConfigurationList section */
	};
	rootObject = EA41B33C16ED386F00CD6520 /* Project object */;
}
